{
  "pins" : [
    {
      "identity" : "csprogress",
      "kind" : "remoteSourceControl",
      "location" : "https://github.com/gregcotten/CSProgress",
      "state" : {
        "branch" : "main",
        "revision" : "0dffebbee2c0630371f00adffeea633fc9635047"
      }
    },
    {
      "identity" : "swift-system",
      "kind" : "remoteSourceControl",
      "location" : "https://github.com/apple/swift-system",
      "state" : {
        "revision" : "025bcb1165deab2e20d4eaba79967ce73013f496",
        "version" : "1.2.1"
      }
    }
  ],
  "version" : 2
}
